
Microsoft Visual Studio Solution File, Format Version 12.00
Project("{FAE04EC0-301F-11D3-BF4B-00C04F79EFBC}") = "MatchMaking.Worker.Host", "src\MatchMaking.Worker.Host\MatchMaking.Worker.Host.csproj", "{07378B50-51F1-45EF-B1ED-26F9B81245A1}"
EndProject
Project("{FAE04EC0-301F-11D3-BF4B-00C04F79EFBC}") = "MatchMaking.Worker.Application", "src\MatchMaking.Worker.Application\MatchMaking.Worker.Application.csproj", "{AA370EA9-60DF-41E4-9C57-0E448DBAF74B}"
EndProject
Project("{FAE04EC0-301F-11D3-BF4B-00C04F79EFBC}") = "MatchMaking.Worker.Infra", "src\MatchMaking.Worker.Infra\MatchMaking.Worker.Infra.csproj", "{6208A5F3-4CCE-4475-8D6A-47BC6D4CBB9A}"
EndProject
Global
	GlobalSection(SolutionConfigurationPlatforms) = preSolution
		Debug|Any CPU = Debug|Any CPU
		Release|Any CPU = Release|Any CPU
	EndGlobalSection
	GlobalSection(ProjectConfigurationPlatforms) = postSolution
		{07378B50-51F1-45EF-B1ED-26F9B81245A1}.Debug|Any CPU.ActiveCfg = Debug|Any CPU
		{07378B50-51F1-45EF-B1ED-26F9B81245A1}.Debug|Any CPU.Build.0 = Debug|Any CPU
		{07378B50-51F1-45EF-B1ED-26F9B81245A1}.Release|Any CPU.ActiveCfg = Release|Any CPU
		{07378B50-51F1-45EF-B1ED-26F9B81245A1}.Release|Any CPU.Build.0 = Release|Any CPU
		{AA370EA9-60DF-41E4-9C57-0E448DBAF74B}.Debug|Any CPU.ActiveCfg = Debug|Any CPU
		{AA370EA9-60DF-41E4-9C57-0E448DBAF74B}.Debug|Any CPU.Build.0 = Debug|Any CPU
		{AA370EA9-60DF-41E4-9C57-0E448DBAF74B}.Release|Any CPU.ActiveCfg = Release|Any CPU
		{AA370EA9-60DF-41E4-9C57-0E448DBAF74B}.Release|Any CPU.Build.0 = Release|Any CPU
		{6208A5F3-4CCE-4475-8D6A-47BC6D4CBB9A}.Debug|Any CPU.ActiveCfg = Debug|Any CPU
		{6208A5F3-4CCE-4475-8D6A-47BC6D4CBB9A}.Debug|Any CPU.Build.0 = Debug|Any CPU
		{6208A5F3-4CCE-4475-8D6A-47BC6D4CBB9A}.Release|Any CPU.ActiveCfg = Release|Any CPU
		{6208A5F3-4CCE-4475-8D6A-47BC6D4CBB9A}.Release|Any CPU.Build.0 = Release|Any CPU
	EndGlobalSection
EndGlobal
